PODS:
  - IQKeyboardManager (4.0.7)
  - Masonry (1.0.2)
  - UMengUShare/Core (6.0.3):
    - UMengUShare/Network
  - UMengUShare/Network (6.0.3)
  - UMengUShare/Social/QQ (6.0.3):
    - UMengUShare/Core
  - UMengUShare/Social/Sina (6.0.3):
    - UMengUShare/Core
  - UMengUShare/Social/SMS (6.0.3):
    - UMengUShare/Core
  - UMengUShare/Social/WeChat (6.0.3):
    - UMengUShare/Core
  - UMengUShare/UI (6.0.3):
    - UMengUShare/Core

DEPENDENCIES:
  - IQKeyboardManager
  - Masonry
  - UMengUShare/Social/QQ
  - UMengUShare/Social/Sina
  - UMengUShare/Social/SMS
  - UMengUShare/Social/WeChat
  - UMengUShare/UI

SPEC CHECKSUMS:
  IQKeyboardManager: 69002bb4fea60596b710e57d426abc00e5063630
  Masonry: 7c429b56da9d4ee0bbb3ed77a5ea710d6a5df39e
  UMengUShare: f231fc086d789d4e560a5090dcc13a2db15c686d

PODFILE CHECKSUM: ce8ac39da7234a3d197e07d7b0e858d92509a466

COCOAPODS: 1.1.1
